// !$*UTF8*$!
{
	archiveVersion = 1;
	classes = {
	};
	objectVersion = 46;
	objects = {

/* Begin PBXBuildFile section */
		0EBEB40A1630678200DD2372 /* UIKit.framework in Frameworks */ = {isa = PBXBuildFile; fileRef = 0EBEB4091630678200DD2372 /* UIKit.framework */; };
		0EBEB40C1630678200DD2372 /* Foundation.framework in Frameworks */ = {isa = PBXBuildFile; fileRef = 0EBEB40B1630678200DD2372 /* Foundation.framework */; };
		0EBEB40E1630678200DD2372 /* CoreGraphics.framework in Frameworks */ = {isa = PBXBuildFile; fileRef = 0EBEB40D1630678200DD2372 /* CoreGraphics.framework */; };
		0EBEB4141630678200DD2372 /* InfoPlist.strings in Resources */ = {isa = PBXBuildFile; fileRef = 0EBEB4121630678200DD2372 /* InfoPlist.strings */; };
		0EBEB4161630678200DD2372 /* main.m in Sources */ = {isa = PBXBuildFile; fileRef = 0EBEB4151630678200DD2372 /* main.m */; };
		0EBEB41A1630678200DD2372 /* AppDelegate.m in Sources */ = {isa = PBXBuildFile; fileRef = 0EBEB4191630678200DD2372 /* AppDelegate.m */; };
		0EBEB41C1630678200DD2372 /* Default.png in Resources */ = {isa = PBXBuildFile; fileRef = 0EBEB41B1630678200DD2372 /* Default.png */; };
		0EBEB41E1630678200DD2372 /* Default@2x.png in Resources */ = {isa = PBXBuildFile; fileRef = 0EBEB41D1630678200DD2372 /* Default@2x.png */; };
		0EBEB4201630678200DD2372 /* Default-568h@2x.png in Resources */ = {isa = PBXBuildFile; fileRef = 0EBEB41F1630678200DD2372 /* Default-568h@2x.png */; };
		0EBEB4231630678200DD2372 /* MainStoryboard.storyboard in Resources */ = {isa = PBXBuildFile; fileRef = 0EBEB4211630678200DD2372 /* MainStoryboard.storyboard */; };
		0EBEB4261630678200DD2372 /* ViewController.m in Sources */ = {isa = PBXBuildFile; fileRef = 0EBEB4251630678200DD2372 /* ViewController.m */; };
/* End PBXBuildFile section */

/* Begin PBXFileReference section */
		0EBEB4051630678200DD2372 /* Account_Security.app */ = {isa = PBXFileReference; explicitFileType = wrapper.application; includeInIndex = 0; path = Account_Security.app; sourceTree = BUILT_PRODUCTS_DIR; };
		0EBEB4091630678200DD2372 /* UIKit.framework */ = {isa = PBXFileReference; lastKnownFileType = wrapper.framework; name = UIKit.framework; path = System/Library/Frameworks/UIKit.framework; sourceTree = SDKROOT; };
		0EBEB40B1630678200DD2372 /* Foundation.framework */ = {isa = PBXFileReference; lastKnownFileType = wrapper.framework; name = Foundation.framework; path = System/Library/Frameworks/Foundation.framework; sourceTree = SDKROOT; };
		0EBEB40D1630678200DD2372 /* CoreGraphics.framework */ = {isa = PBXFileReference; lastKnownFileType = wrapper.framework; name = CoreGraphics.framework; path = System/Library/Frameworks/CoreGraphics.framework; sourceTree = SDKROOT; };
		0EBEB4111630678200DD2372 /* Account_Security-Info.plist */ = {isa = PBXFileReference; lastKnownFileType = text.plist.xml; path = "Account_Security-Info.plist"; sourceTree = "<group>"; };
		0EBEB4131630678200DD2372 /* en */ = {isa = PBXFileReference; lastKnownFileType = text.plist.strings; name = en; path = en.lproj/InfoPlist.strings; sourceTree = "<group>"; };
		0EBEB4151630678200DD2372 /* main.m */ = {isa = PBXFileReference; lastKnownFileType = sourcecode.c.objc; path = main.m; sourceTree = "<group>"; };
		0EBEB4171630678200DD2372 /* Account_Security-Prefix.pch */ = {isa = PBXFileReference; lastKnownFileType = sourcecode.c.h; path = "Account_Security-Prefix.pch"; sourceTree = "<group>"; };
		0EBEB4181630678200DD2372 /* AppDelegate.h */ = {isa = PBXFileReference; lastKnownFileType = sourcecode.c.h; path = AppDelegate.h; sourceTree = "<group>"; };
		0EBEB4191630678200DD2372 /* AppDelegate.m */ = {isa = PBXFileReference; lastKnownFileType = sourcecode.c.objc; path = AppDelegate.m; sourceTree = "<group>"; };
		0EBEB41B1630678200DD2372 /* Default.png */ = {isa = PBXFileReference; lastKnownFileType = image.png; path = Default.png; sourceTree = "<group>"; };
		0EBEB41D1630678200DD2372 /* Default@2x.png */ = {isa = PBXFileReference; lastKnownFileType = image.png; path = "Default@2x.png"; sourceTree = "<group>"; };
		0EBEB41F1630678200DD2372 /* Default-568h@2x.png */ = {isa = PBXFileReference; lastKnownFileType = image.png; path = "Default-568h@2x.png"; sourceTree = "<group>"; };
		0EBEB4221630678200DD2372 /* en */ = {isa = PBXFileReference; lastKnownFileType = file.storyboard; name = en; path = en.lproj/MainStoryboard.storyboard; sourceTree = "<group>"; };
		0EBEB4241630678200DD2372 /* ViewController.h */ = {isa = PBXFileReference; lastKnownFileType = sourcecode.c.h; path = ViewController.h; sourceTree = "<group>"; };
		0EBEB4251630678200DD2372 /* ViewController.m */ = {isa = PBXFileReference; lastKnownFileType = sourcecode.c.objc; path = ViewController.m; sourceTree = "<group>"; };
/* End PBXFileReference section */

/* Begin PBXFrameworksBuildPhase section */
		0EBEB4021630678200DD2372 /* Frameworks */ = {
			isa = PBXFrameworksBuildPhase;
			buildActionMask = 2147483647;
			files = (
				0EBEB40A1630678200DD2372 /* UIKit.framework in Frameworks */,
				0EBEB40C1630678200DD2372 /* Foundation.framework in Frameworks */,
				0EBEB40E1630678200DD2372 /* CoreGraphics.framework in Frameworks */,
			);
			runOnlyForDeploymentPostprocessing = 0;
		};
/* End PBXFrameworksBuildPhase section */

/* Begin PBXGroup section */
		0EBEB3FA1630678200DD2372 = {
			isa = PBXGroup;
			children = (
				0EBEB40F1630678200DD2372 /* Account_Security */,
				0EBEB4081630678200DD2372 /* Frameworks */,
				0EBEB4061630678200DD2372 /* Products */,
			);
			sourceTree = "<group>";
		};
		0EBEB4061630678200DD2372 /* Products */ = {
			isa = PBXGroup;
			children = (
				0EBEB4051630678200DD2372 /* Account_Security.app */,
			);
			name = Products;
			sourceTree = "<group>";
		};
		0EBEB4081630678200DD2372 /* Frameworks */ = {
			isa = PBXGroup;
			children = (
				0EBEB4091630678200DD2372 /* UIKit.framework */,
				0EBEB40B1630678200DD2372 /* Foundation.framework */,
				0EBEB40D1630678200DD2372 /* CoreGraphics.framework */,
			);
			name = Frameworks;
			sourceTree = "<group>";
		};
		0EBEB40F1630678200DD2372 /* Account_Security */ = {
			isa = PBXGroup;
			children = (
				0EBEB4181630678200DD2372 /* AppDelegate.h */,
				0EBEB4191630678200DD2372 /* AppDelegate.m */,
				0EBEB4211630678200DD2372 /* MainStoryboard.storyboard */,
				0EBEB4241630678200DD2372 /* ViewController.h */,
				0EBEB4251630678200DD2372 /* ViewController.m */,
				0EBEB4101630678200DD2372 /* Supporting Files */,
			);
			path = Account_Security;
			sourceTree = "<group>";
		};
		0EBEB4101630678200DD2372 /* Supporting Files */ = {
			isa = PBXGroup;
			children = (
				0EBEB4111630678200DD2372 /* Account_Security-Info.plist */,
				0EBEB4121630678200DD2372 /* InfoPlist.strings */,
				0EBEB4151630678200DD2372 /* main.m */,
				0EBEB4171630678200DD2372 /* Account_Security-Prefix.pch */,
				0EBEB41B1630678200DD2372 /* Default.png */,
				0EBEB41D1630678200DD2372 /* Default@2x.png */,
				0EBEB41F1630678200DD2372 /* Default-568h@2x.png */,
			);
			name = "Supporting Files";
			sourceTree = "<group>";
		};
/* End PBXGroup section */

/* Begin PBXNativeTarget section */
		0EBEB4041630678200DD2372 /* Account_Security */ = {
			isa = PBXNativeTarget;
			buildConfigurationList = 0EBEB4291630678200DD2372 /* Build configuration list for PBXNativeTarget "Account_Security" */;
			buildPhases = (
				0EBEB4011630678200DD2372 /* Sources */,
				0EBEB4021630678200DD2372 /* Frameworks */,
				0EBEB4031630678200DD2372 /* Resources */,
			);
			buildRules = (
			);
			dependencies = (
			);
			name = Account_Security;
			productName = Account_Security;
			productReference = 0EBEB4051630678200DD2372 /* Account_Security.app */;
			productType = "com.apple.product-type.application";
		};
/* End PBXNativeTarget section */

/* Begin PBXProject section */
		0EBEB3FC1630678200DD2372 /* Project object */ = {
			isa = PBXProject;
			attributes = {
				LastUpgradeCheck = 0450;
				ORGANIZATIONNAME = Unbounded;
			};
			buildConfigurationList = 0EBEB3FF1630678200DD2372 /* Build configuration list for PBXProject "Account_Security" */;
			compatibilityVersion = "Xcode 3.2";
			developmentRegion = English;
			hasScannedForEncodings = 0;
			knownRegions = (
				en,
			);
			mainGroup = 0EBEB3FA1630678200DD2372;
			productRefGroup = 0EBEB4061630678200DD2372 /* Products */;
			projectDirPath = "";
			projectRoot = "";
			targets = (
				0EBEB4041630678200DD2372 /* Account_Security */,
			);
		};
/* End PBXProject section */

/* Begin PBXResourcesBuildPhase section */
		0EBEB4031630678200DD2372 /* Resources */ = {
			isa = PBXResourcesBuildPhase;
			buildActionMask = 2147483647;
			files = (
				0EBEB4141630678200DD2372 /* InfoPlist.strings in Resources */,
				0EBEB41C1630678200DD2372 /* Default.png in Resources */,
				0EBEB41E1630678200DD2372 /* Default@2x.png in Resources */,
				0EBEB4201630678200DD2372 /* Default-568h@2x.png in Resources */,
				0EBEB4231630678200DD2372 /* MainStoryboard.storyboard in Resources */,
			);
			runOnlyForDeploymentPostprocessing = 0;
		};
/* End PBXResourcesBuildPhase section */

/* Begin PBXSourcesBuildPhase section */
		0EBEB4011630678200DD2372 /* Sources */ = {
			isa = PBXSourcesBuildPhase;
			buildActionMask = 2147483647;
			files = (
				0EBEB4161630678200DD2372 /* main.m in Sources */,
				0EBEB41A1630678200DD2372 /* AppDelegate.m in Sources */,
				0EBEB4261630678200DD2372 /* ViewController.m in Sources */,
			);
			runOnlyForDeploymentPostprocessing = 0;
		};
/* End PBXSourcesBuildPhase section */

/* Begin PBXVariantGroup section */
		0EBEB4121630678200DD2372 /* InfoPlist.strings */ = {
			isa = PBXVariantGroup;
			children = (
				0EBEB4131630678200DD2372 /* en */,
			);
			name = InfoPlist.strings;
			sourceTree = "<group>";
		};
		0EBEB4211630678200DD2372 /* MainStoryboard.storyboard */ = {
			isa = PBXVariantGroup;
			children = (
				0EBEB4221630678200DD2372 /* en */,
			);
			name = MainStoryboard.storyboard;
			sourceTree = "<group>";
		};
/* End PBXVariantGroup section */

/* Begin XCBuildConfiguration section */
		0EBEB4271630678200DD2372 /* Debug */ = {
			isa = XCBuildConfiguration;
			buildSettings = {
				ALWAYS_SEARCH_USER_PATHS = NO;
				CLANG_CXX_LANGUAGE_STANDARD = "gnu++0x";
				CLANG_CXX_LIBRARY = "libc++";
				CLANG_ENABLE_OBJC_ARC = YES;
				CLANG_WARN_EMPTY_BODY = YES;
				CLANG_WARN__DUPLICATE_METHOD_MATCH = YES;
				"CODE_SIGN_IDENTITY[sdk=iphoneos*]" = "iPhone Developer";
				COPY_PHASE_STRIP = NO;
				GCC_C_LANGUAGE_STANDARD = gnu99;
				GCC_DYNAMIC_NO_PIC = NO;
				GCC_OPTIMIZATION_LEVEL = 0;
				GCC_PREPROCESSOR_DEFINITIONS = (
					"DEBUG=1",
					"$(inherited)",
				);
				GCC_SYMBOLS_PRIVATE_EXTERN = NO;
				GCC_WARN_ABOUT_RETURN_TYPE = YES;
				GCC_WARN_UNINITIALIZED_AUTOS = YES;
				GCC_WARN_UNUSED_VARIABLE = YES;
				IPHONEOS_DEPLOYMENT_TARGET = 6.0;
				SDKROOT = iphoneos;
			};
			name = Debug;
		};
		0EBEB4281630678200DD2372 /* Release */ = {
			isa = XCBuildConfiguration;
			buildSettings = {
				ALWAYS_SEARCH_USER_PATHS = NO;
				CLANG_CXX_LANGUAGE_STANDARD = "gnu++0x";
				CLANG_CXX_LIBRARY = "libc++";
				CLANG_ENABLE_OBJC_ARC = YES;
				CLANG_WARN_EMPTY_BODY = YES;
				CLANG_WARN__DUPLICATE_METHOD_MATCH = YES;
				"CODE_SIGN_IDENTITY[sdk=iphoneos*]" = "iPhone Developer";
				COPY_PHASE_STRIP = YES;
				GCC_C_LANGUAGE_STANDARD = gnu99;
				GCC_WARN_ABOUT_RETURN_TYPE = YES;
				GCC_WARN_UNINITIALIZED_AUTOS = YES;
				GCC_WARN_UNUSED_VARIABLE = YES;
				IPHONEOS_DEPLOYMENT_TARGET = 6.0;
				OTHER_CFLAGS = "-DNS_BLOCK_ASSERTIONS=1";
				SDKROOT = iphoneos;
				VALIDATE_PRODUCT = YES;
			};
			name = Release;
		};
		0EBEB42A1630678200DD2372 /* Debug */ = {
			isa = XCBuildConfiguration;
			buildSettings = {
				GCC_PRECOMPILE_PREFIX_HEADER = YES;
				GCC_PREFIX_HEADER = "Account_Security/Account_Security-Prefix.pch";
				INFOPLIST_FILE = "Account_Security/Account_Security-Info.plist";
				IPHONEOS_DEPLOYMENT_TARGET = 5.1;
				PRODUCT_NAME = "$(TARGET_NAME)";
				WRAPPER_EXTENSION = app;
			};
			name = Debug;
		};
		0EBEB42B1630678200DD2372 /* Release */ = {
			isa = XCBuildConfiguration;
			buildSettings = {
				GCC_PRECOMPILE_PREFIX_HEADER = YES;
				GCC_PREFIX_HEADER = "Account_Security/Account_Security-Prefix.pch";
				INFOPLIST_FILE = "Account_Security/Account_Security-Info.plist";
				IPHONEOS_DEPLOYMENT_TARGET = 5.1;
				PRODUCT_NAME = "$(TARGET_NAME)";
				WRAPPER_EXTENSION = app;
			};
			name = Release;
		};
/* End XCBuildConfiguration section */

/* Begin XCConfigurationList section */
		0EBEB3FF1630678200DD2372 /* Build configuration list for PBXProject "Account_Security" */ = {
			isa = XCConfigurationList;
			buildConfigurations = (
				0EBEB4271630678200DD2372 /* Debug */,
				0EBEB4281630678200DD2372 /* Release */,
			);
			defaultConfigurationIsVisible = 0;
			defaultConfigurationName = Release;
		};
		0EBEB4291630678200DD2372 /* Build configuration list for PBXNativeTarget "Account_Security" */ = {
			isa = XCConfigurationList;
			buildConfigurations = (
				0EBEB42A1630678200DD2372 /* Debug */,
				0EBEB42B1630678200DD2372 /* Release */,
			);
			defaultConfigurationIsVisible = 0;
		};
/* End XCConfigurationList section */
	};
	rootObject = 0EBEB3FC1630678200DD2372 /* Project object */;
}
